
Microsoft Visual Studio Solution File, Format Version 12.00
# Visual Studio Version 16
VisualStudioVersion = 16.0.28922.388
MinimumVisualStudioVersion = 10.0.40219.1
Project("{FAE04EC0-301F-11D3-BF4B-00C04F79EFBC}") = "CheckDomain", "CheckDomain\CheckDomain.csproj", "{6D583EC6-6342-4711-98E4-E5C328F65C87}"
EndProject
Global
	GlobalSection(SolutionConfigurationPlatforms) = preSolution
		Debug|Any CPU = Debug|Any CPU
		Release|Any CPU = Release|Any CPU
	EndGlobalSection
	GlobalSection(ProjectConfigurationPlatforms) = postSolution
		{6D583EC6-6342-4711-98E4-E5C328F65C87}.Debug|Any CPU.ActiveCfg = Debug|Any CPU
		{6D583EC6-6342-4711-98E4-E5C328F65C87}.Debug|Any CPU.Build.0 = Debug|Any CPU
		{6D583EC6-6342-4711-98E4-E5C328F65C87}.Release|Any CPU.ActiveCfg = Release|Any CPU
		{6D583EC6-6342-4711-98E4-E5C328F65C87}.Release|Any CPU.Build.0 = Release|Any CPU
	EndGlobalSection
	GlobalSection(SolutionProperties) = preSolution
		HideSolutionNode = FALSE
	EndGlobalSection
	GlobalSection(ExtensibilityGlobals) = postSolution
		SolutionGuid = {77E5477E-FB1C-4043-8422-982215F1CD9B}
	EndGlobalSection
EndGlobal
